<?xml version="1.0" encoding="utf-8"?>
<Project ToolsVersion="4.0" xmlns="http://schemas.microsoft.com/developer/msbuild/2003">
  <ItemGroup>
    <Filter Include="Source Files">
      <UniqueIdentifier>{4FC737F1-C7A5-4376-A066-2A32D752A2FF}</UniqueIdentifier>
      <Extensions>cpp;c;cc;cxx;def;odl;idl;hpj;bat;asm;asmx</Extensions>
    </Filter>
    <Filter Include="Header Files">
      <UniqueIdentifier>{93995380-89BD-4b04-88EB-625FBE52EBFB}</UniqueIdentifier>
      <Extensions>h;hpp;hxx;hm;inl;inc;xsd</Extensions>
    </Filter>
    <Filter Include="Resource Files">
      <UniqueIdentifier>{67DA6AB6-F800-4c08-8B7A-83BB121AAD01}</UniqueIdentifier>
      <Extensions>rc;ico;cur;bmp;dlg;rc2;rct;bin;rgs;gif;jpg;jpeg;jpe;resx;tiff;tif;png;wav;mfcribbon-ms</Extensions>
    </Filter>
    <Filter Include="Header Files\Memory">
      <UniqueIdentifier>{6663e559-4d68-4ef5-b354-86380e14b4aa}</UniqueIdentifier>
    </Filter>
    <Filter Include="Source Files\Memory">
      <UniqueIdentifier>{4f0ed89d-15b7-457e-9b18-5d74afb8fa3b}</UniqueIdentifier>
    </Filter>
    <Filter Include="Header Files\Trace">
      <UniqueIdentifier>{bbb92f66-85ca-4da8-9533-f4ee97500fd7}</UniqueIdentifier>
    </Filter>
    <Filter Include="Source Files\Trace">
      <UniqueIdentifier>{fe32e86e-c561-4f66-8acb-745fab74fa25}</UniqueIdentifier>
    </Filter>
    <Filter Include="Header Files\Analysis">
      <UniqueIdentifier>{aa117c55-9ba1-4761-80ee-f783b18553f6}</UniqueIdentifier>
    </Filter>
    <Filter Include="Source Files\Analysis">
      <UniqueIdentifier>{38cebede-e472-4dd5-8468-b4ad663efff1}</UniqueIdentifier>
    </Filter>
  </ItemGroup>
  <ItemGroup>
    <ClCompile Include="crypto.cpp">
      <Filter>Source Files</Filter>
    </ClCompile>
    <ClCompile Include="cfg.cpp">
      <Filter>Source Files</Filter>
    </ClCompile>
    <ClCompile Include="jsoncpp.cpp">
      <Filter>Source Files</Filter>
    </ClCompile>
    <ClCompile Include="BBL.cpp">
      <Filter>Source Files\Trace</Filter>
    </ClCompile>
    <ClCompile Include="Call.cpp">
      <Filter>Source Files\Trace</Filter>
    </ClCompile>
    <ClCompile Include="Blob.cpp">
      <Filter>Source Files\Memory</Filter>
    </ClCompile>
    <ClCompile Include="PeImage.cpp">
      <Filter>Source Files\Memory</Filter>
    </ClCompile>
    <ClCompile Include="mazewarker.cpp">
      <Filter>Source Files</Filter>
    </ClCompile>
    <ClCompile Include="MemoryArea.cpp">
      <Filter>Source Files\Memory</Filter>
    </ClCompile>
    <ClCompile Include="WinAddress.cpp">
      <Filter>Source Files\Memory</Filter>
    </ClCompile>
    <ClCompile Include="Thread.cpp">
      <Filter>Source Files\Trace</Filter>
    </ClCompile>
    <ClCompile Include="ProcessTrace.cpp">
      <Filter>Source Files\Trace</Filter>
    </ClCompile>
    <ClCompile Include="MemoryTracer.cpp">
      <Filter>Source Files\Trace</Filter>
    </ClCompile>
    <ClCompile Include="PythonAnalysis.cpp">
      <Filter>Source Files\Analysis</Filter>
    </ClCompile>
    <ClCompile Include="ContextAnalyzer.cpp">
      <Filter>Source Files\Analysis</Filter>
    </ClCompile>
  </ItemGroup>
  <ItemGroup>
    <ClInclude Include="crypto.h">
      <Filter>Header Files</Filter>
    </ClInclude>
    <ClInclude Include="cfg.h">
      <Filter>Header Files</Filter>
    </ClInclude>
    <ClInclude Include="BBL.h">
      <Filter>Header Files\Trace</Filter>
    </ClInclude>
    <ClInclude Include="Call.h">
      <Filter>Header Files\Trace</Filter>
    </ClInclude>
    <ClInclude Include="MemoryArea.h">
      <Filter>Header Files\Memory</Filter>
    </ClInclude>
    <ClInclude Include="IMemoryAreaMaker.h">
      <Filter>Header Files\Memory</Filter>
    </ClInclude>
    <ClInclude Include="Image.h">
      <Filter>Header Files\Memory</Filter>
    </ClInclude>
    <ClInclude Include="IReportObject.h">
      <Filter>Header Files</Filter>
    </ClInclude>
    <ClInclude Include="MemoryAreaMaker.h">
      <Filter>Header Files\Memory</Filter>
    </ClInclude>
    <ClInclude Include="PEImage.h">
      <Filter>Header Files\Memory</Filter>
    </ClInclude>
    <ClInclude Include="Blob.h">
      <Filter>Header Files\Memory</Filter>
    </ClInclude>
    <ClInclude Include="IAddress.h">
      <Filter>Header Files\Memory</Filter>
    </ClInclude>
    <ClInclude Include="WinAddress.h">
      <Filter>Header Files\Memory</Filter>
    </ClInclude>
    <ClInclude Include="Thread.h">
      <Filter>Header Files\Trace</Filter>
    </ClInclude>
    <ClInclude Include="ProcessTrace.h">
      <Filter>Header Files\Trace</Filter>
    </ClInclude>
    <ClInclude Include="MemoryTracer.h">
      <Filter>Header Files\Trace</Filter>
    </ClInclude>
    <ClInclude Include="ContextAnalyzer.h">
      <Filter>Header Files\Analysis</Filter>
    </ClInclude>
    <ClInclude Include="PythonAnalysis.h">
      <Filter>Header Files\Analysis</Filter>
    </ClInclude>
    <ClInclude Include="PythonTypesInternal.h">
      <Filter>Header Files\Analysis</Filter>
    </ClInclude>
  </ItemGroup>
  <ItemGroup>
    <None Include="config.json">
      <Filter>Resource Files</Filter>
    </None>
  </ItemGroup>
</Project>